{
  "originHash" : "7da310081d69d30a7ab08743d20e135a898169f08e50366813dbcde706c0bfcb",
  "pins" : [
    {
      "identity" : "yolo-ios-app",
      "kind" : "remoteSourceControl",
      "location" : "https://github.com/ultralytics/yolo-ios-app.git",
      "state" : {
        "revision" : "6931313992cf3bb97f2f1159cf26c834d4714c7b",
        "version" : "8.9.13"
      }
    }
  ],
  "version" : 3
}
