{
  "originHash" : "b34d7c09ab34871fb4d11c9cbf89ae2307468fdd145a55051157678a2d64e600",
  "pins" : [
    {
      "identity" : "swiftapriltag",
      "kind" : "remoteSourceControl",
      "location" : "https://github.com/keyqcloud/SwiftAprilTag.git",
      "state" : {
        "revision" : "038cb9026711ddba05b71c16b32eb364bcfa6ef9",
        "version" : "1.3.1"
      }
    },
    {
      "identity" : "yolo-ios-app",
      "kind" : "remoteSourceControl",
      "location" : "https://github.com/ultralytics/yolo-ios-app.git",
      "state" : {
        "revision" : "6931313992cf3bb97f2f1159cf26c834d4714c7b",
        "version" : "8.9.13"
      }
    }
  ],
  "version" : 3
}
