// !$*UTF8*$!
{
	archiveVersion = 1;
	classes = {
	};
	objectVersion = 77;
	objects = {

/* Begin PBXBuildFile section */
		096508C2302BF09000842337 /* UltralyticsYOLO in Frameworks */ = {isa = PBXBuildFile; productRef = 096508C1302BF09000842337 /* UltralyticsYOLO */; };
		14B6DBD830354BDB0002F504 /* SwiftAprilTag in Frameworks */ = {isa = PBXBuildFile; productRef = A2B3C4D5302BF09000840002 /* SwiftAprilTag */; };
		14B6DBD930354BDB0002F504 /* SwiftAprilTag in Frameworks */ = {isa = PBXBuildFile; productRef = A2B3C4D5302BF09000840002 /* SwiftAprilTag */; };
/* End PBXBuildFile section */

/* Begin PBXContainerItemProxy section */
		0965089D302BF08F00842337 /* PBXContainerItemProxy */ = {
			isa = PBXContainerItemProxy;
			containerPortal = 09650887302BF08E00842337 /* Project object */;
			proxyType = 1;
			remoteGlobalIDString = 0965088E302BF08E00842337;
			remoteInfo = "waste-sort";
		};
		096508A7302BF08F00842337 /* PBXContainerItemProxy */ = {
			isa = PBXContainerItemProxy;
			containerPortal = 09650887302BF08E00842337 /* Project object */;
			proxyType = 1;
			remoteGlobalIDString = 0965088E302BF08E00842337;
			remoteInfo = "waste-sort";
		};
/* End PBXContainerItemProxy section */

/* Begin PBXFileReference section */
		0965088F302BF08E00842337 /* waste-sort.app */ = {isa = PBXFileReference; explicitFileType = wrapper.application; includeInIndex = 0; path = "waste-sort.app"; sourceTree = BUILT_PRODUCTS_DIR; };
		0965089C302BF08F00842337 /* waste-sortTests.xctest */ = {isa = PBXFileReference; explicitFileType = wrapper.cfbundle; includeInIndex = 0; path = "waste-sortTests.xctest"; sourceTree = BUILT_PRODUCTS_DIR; };
		096508A6302BF08F00842337 /* waste-sortUITests.xctest */ = {isa = PBXFileReference; explicitFileType = wrapper.cfbundle; includeInIndex = 0; path = "waste-sortUITests.xctest"; sourceTree = BUILT_PRODUCTS_DIR; };
/* End PBXFileReference section */

/* Begin PBXFileSystemSynchronizedRootGroup section */
		09650891302BF08E00842337 /* waste-sort */ = {
			isa = PBXFileSystemSynchronizedRootGroup;
			path = "waste-sort";
			sourceTree = "<group>";
		};
		A1B2C3D4302BF09000TEST01 /* waste-sortTests */ = {
			isa = PBXFileSystemSynchronizedRootGroup;
			path = "waste-sortTests";
			sourceTree = "<group>";
		};
/* End PBXFileSystemSynchronizedRootGroup section */

/* Begin PBXFrameworksBuildPhase section */
		0965088C302BF08E00842337 /* Frameworks */ = {
			isa = PBXFrameworksBuildPhase;
			buildActionMask = 2147483647;
			files = (
				14B6DBD830354BDB0002F504 /* SwiftAprilTag in Frameworks */,
				096508C2302BF09000842337 /* UltralyticsYOLO in Frameworks */,
			);
			runOnlyForDeploymentPostprocessing = 0;
		};
		09650899302BF08F00842337 /* Frameworks */ = {
			isa = PBXFrameworksBuildPhase;
			buildActionMask = 2147483647;
			files = (
				14B6DBD930354BDB0002F504 /* SwiftAprilTag in Frameworks */,
			);
			runOnlyForDeploymentPostprocessing = 0;
		};
		096508A3302BF08F00842337 /* Frameworks */ = {
			isa = PBXFrameworksBuildPhase;
			buildActionMask = 2147483647;
			files = (
			);
			runOnlyForDeploymentPostprocessing = 0;
		};
/* End PBXFrameworksBuildPhase section */

/* Begin PBXGroup section */
		09650886302BF08E00842337 = {
			isa = PBXGroup;
			children = (
				09650891302BF08E00842337 /* waste-sort */,
				A1B2C3D4302BF09000TEST01 /* waste-sortTests */,
				09650890302BF08E00842337 /* Products */,
			);
			sourceTree = "<group>";
		};
		09650890302BF08E00842337 /* Products */ = {
			isa = PBXGroup;
			children = (
				0965088F302BF08E00842337 /* waste-sort.app */,
				0965089C302BF08F00842337 /* waste-sortTests.xctest */,
				096508A6302BF08F00842337 /* waste-sortUITests.xctest */,
			);
			name = Products;
			sourceTree = "<group>";
		};
/* End PBXGroup section */

/* Begin PBXNativeTarget section */
		0965088E302BF08E00842337 /* waste-sort */ = {
			isa = PBXNativeTarget;
			buildConfigurationList = 096508B0302BF08F00842337 /* Build configuration list for PBXNativeTarget "waste-sort" */;
			buildPhases = (
				0965088B302BF08E00842337 /* Sources */,
				0965088C302BF08E00842337 /* Frameworks */,
				0965088D302BF08E00842337 /* Resources */,
			);
			buildRules = (
			);
			dependencies = (
			);
			fileSystemSynchronizedGroups = (
				09650891302BF08E00842337 /* waste-sort */,
			);
			name = "waste-sort";
			packageProductDependencies = (
				096508C1302BF09000842337 /* UltralyticsYOLO */,
				A2B3C4D5302BF09000840002 /* SwiftAprilTag */,
			);
			productName = "waste-sort";
			productReference = 0965088F302BF08E00842337 /* waste-sort.app */;
			productType = "com.apple.product-type.application";
		};
		0965089B302BF08F00842337 /* waste-sortTests */ = {
			isa = PBXNativeTarget;
			buildConfigurationList = 096508B3302BF08F00842337 /* Build configuration list for PBXNativeTarget "waste-sortTests" */;
			buildPhases = (
				09650898302BF08F00842337 /* Sources */,
				09650899302BF08F00842337 /* Frameworks */,
				0965089A302BF08F00842337 /* Resources */,
			);
			buildRules = (
			);
			dependencies = (
				0965089E302BF08F00842337 /* PBXTargetDependency */,
			);
			fileSystemSynchronizedGroups = (
				A1B2C3D4302BF09000TEST01 /* waste-sortTests */,
			);
			name = "waste-sortTests";
			packageProductDependencies = (
				A2B3C4D5302BF09000840002 /* SwiftAprilTag */,
			);
			productName = "waste-sortTests";
			productReference = 0965089C302BF08F00842337 /* waste-sortTests.xctest */;
			productType = "com.apple.product-type.bundle.unit-test";
		};
		096508A5302BF08F00842337 /* waste-sortUITests */ = {
			isa = PBXNativeTarget;
			buildConfigurationList = 096508B6302BF08F00842337 /* Build configuration list for PBXNativeTarget "waste-sortUITests" */;
			buildPhases = (
				096508A2302BF08F00842337 /* Sources */,
				096508A3302BF08F00842337 /* Frameworks */,
				096508A4302BF08F00842337 /* Resources */,
			);
			buildRules = (
			);
			dependencies = (
				096508A8302BF08F00842337 /* PBXTargetDependency */,
			);
			name = "waste-sortUITests";
			packageProductDependencies = (
			);
			productName = "waste-sortUITests";
			productReference = 096508A6302BF08F00842337 /* waste-sortUITests.xctest */;
			productType = "com.apple.product-type.bundle.ui-testing";
		};
/* End PBXNativeTarget section */

/* Begin PBXProject section */
		09650887302BF08E00842337 /* Project object */ = {
			isa = PBXProject;
			attributes = {
				BuildIndependentTargetsInParallel = 1;
				LastSwiftUpdateCheck = 2660;
				LastUpgradeCheck = 2700;
				TargetAttributes = {
					0965088E302BF08E00842337 = {
						CreatedOnToolsVersion = 26.6;
					};
					0965089B302BF08F00842337 = {
						CreatedOnToolsVersion = 26.6;
						TestTargetID = 0965088E302BF08E00842337;
					};
					096508A5302BF08F00842337 = {
						CreatedOnToolsVersion = 26.6;
						TestTargetID = 0965088E302BF08E00842337;
					};
				};
			};
			buildConfigurationList = 0965088A302BF08E00842337 /* Build configuration list for PBXProject "waste-sort" */;
			developmentRegion = en;
			hasScannedForEncodings = 0;
			knownRegions = (
				en,
				Base,
			);
			mainGroup = 09650886302BF08E00842337;
			minimizedProjectReferenceProxies = 1;
			packageReferences = (
				096508C0302BF09000842337 /* XCRemoteSwiftPackageReference "yolo-ios-app" */,
				A2B3C4D5302BF09000840001 /* XCRemoteSwiftPackageReference "SwiftAprilTag" */,
			);
			preferredProjectObjectVersion = 77;
			productRefGroup = 09650890302BF08E00842337 /* Products */;
			projectDirPath = "";
			projectRoot = "";
			targets = (
				0965088E302BF08E00842337 /* waste-sort */,
				0965089B302BF08F00842337 /* waste-sortTests */,
				096508A5302BF08F00842337 /* waste-sortUITests */,
			);
		};
/* End PBXProject section */

/* Begin PBXResourcesBuildPhase section */
		0965088D302BF08E00842337 /* Resources */ = {
			isa = PBXResourcesBuildPhase;
			buildActionMask = 2147483647;
			files = (
			);
			runOnlyForDeploymentPostprocessing = 0;
		};
		0965089A302BF08F00842337 /* Resources */ = {
			isa = PBXResourcesBuildPhase;
			buildActionMask = 2147483647;
			files = (
			);
			runOnlyForDeploymentPostprocessing = 0;
		};
		096508A4302BF08F00842337 /* Resources */ = {
			isa = PBXResourcesBuildPhase;
			buildActionMask = 2147483647;
			files = (
			);
			runOnlyForDeploymentPostprocessing = 0;
		};
/* End PBXResourcesBuildPhase section */

/* Begin PBXSourcesBuildPhase section */
		0965088B302BF08E00842337 /* Sources */ = {
			isa = PBXSourcesBuildPhase;
			buildActionMask = 2147483647;
			files = (
			);
			runOnlyForDeploymentPostprocessing = 0;
		};
		09650898302BF08F00842337 /* Sources */ = {
			isa = PBXSourcesBuildPhase;
			buildActionMask = 2147483647;
			files = (
			);
			runOnlyForDeploymentPostprocessing = 0;
		};
		096508A2302BF08F00842337 /* Sources */ = {
			isa = PBXSourcesBuildPhase;
			buildActionMask = 2147483647;
			files = (
			);
			runOnlyForDeploymentPostprocessing = 0;
		};
/* End PBXSourcesBuildPhase section */

/* Begin PBXTargetDependency section */
		0965089E302BF08F00842337 /* PBXTargetDependency */ = {
			isa = PBXTargetDependency;
			target = 0965088E302BF08E00842337 /* waste-sort */;
			targetProxy = 0965089D302BF08F00842337 /* PBXContainerItemProxy */;
		};
		096508A8302BF08F00842337 /* PBXTargetDependency */ = {
			isa = PBXTargetDependency;
			target = 0965088E302BF08E00842337 /* waste-sort */;
			targetProxy = 096508A7302BF08F00842337 /* PBXContainerItemProxy */;
		};
/* End PBXTargetDependency section */

/* Begin XCBuildConfiguration section */
		096508AE302BF08F00842337 /* Debug */ = {
			isa = XCBuildConfiguration;
			buildSettings = {
				ALWAYS_SEARCH_USER_PATHS = NO;
				ASSETCATALOG_COMPILER_GENERATE_SWIFT_ASSET_SYMBOL_EXTENSIONS = YES;
				CLANG_ANALYZER_NONNULL = YES;
				CLANG_ANALYZER_NUMBER_OBJECT_CONVERSION = YES_AGGRESSIVE;
				CLANG_CXX_LANGUAGE_STANDARD = "gnu++20";
				CLANG_ENABLE_MODULES = YES;
				CLANG_ENABLE_OBJC_ARC = YES;
				CLANG_ENABLE_OBJC_WEAK = YES;
				CLANG_WARN_BLOCK_CAPTURE_AUTORELEASING = YES;
				CLANG_WARN_BOOL_CONVERSION = YES;
				CLANG_WARN_COMMA = YES;
				CLANG_WARN_CONSTANT_CONVERSION = YES;
				CLANG_WARN_DEPRECATED_OBJC_IMPLEMENTATIONS = YES;
				CLANG_WARN_DIRECT_OBJC_ISA_USAGE = YES_ERROR;
				CLANG_WARN_DOCUMENTATION_COMMENTS = YES;
				CLANG_WARN_EMPTY_BODY = YES;
				CLANG_WARN_ENUM_CONVERSION = YES;
				CLANG_WARN_INFINITE_RECURSION = YES;
				CLANG_WARN_INT_CONVERSION = YES;
				CLANG_WARN_NON_LITERAL_NULL_CONVERSION = YES;
				CLANG_WARN_OBJC_IMPLICIT_RETAIN_SELF = YES;
				CLANG_WARN_OBJC_LITERAL_CONVERSION = YES;
				CLANG_WARN_OBJC_ROOT_CLASS = YES_ERROR;
				CLANG_WARN_QUOTED_INCLUDE_IN_FRAMEWORK_HEADER = YES;
				CLANG_WARN_RANGE_LOOP_ANALYSIS = YES;
				CLANG_WARN_STRICT_PROTOTYPES = YES;
				CLANG_WARN_SUSPICIOUS_MOVE = YES;
				CLANG_WARN_UNGUARDED_AVAILABILITY = YES_AGGRESSIVE;
				CLANG_WARN_UNREACHABLE_CODE = YES;
				CLANG_WARN__DUPLICATE_METHOD_MATCH = YES;
				COPY_PHASE_STRIP = NO;
				DEBUG_INFORMATION_FORMAT = dwarf;
				ENABLE_STRICT_OBJC_MSGSEND = YES;
				ENABLE_TESTABILITY = YES;
				ENABLE_USER_SCRIPT_SANDBOXING = YES;
				GCC_C_LANGUAGE_STANDARD = gnu17;
				GCC_DYNAMIC_NO_PIC = NO;
				GCC_NO_COMMON_BLOCKS = YES;
				GCC_OPTIMIZATION_LEVEL = 0;
				GCC_PREPROCESSOR_DEFINITIONS = (
					"DEBUG=1",
					"$(inherited)",
				);
				GCC_WARN_64_TO_32_BIT_CONVERSION = YES;
				GCC_WARN_ABOUT_RETURN_TYPE = YES_ERROR;
				GCC_WARN_UNDECLARED_SELECTOR = YES;
				GCC_WARN_UNINITIALIZED_AUTOS = YES_AGGRESSIVE;
				GCC_WARN_UNUSED_FUNCTION = YES;
				GCC_WARN_UNUSED_VARIABLE = YES;
				IPHONEOS_DEPLOYMENT_TARGET = 26.5;
				LOCALIZATION_PREFERS_STRING_CATALOGS = YES;
				MTL_ENABLE_DEBUG_INFO = INCLUDE_SOURCE;
				MTL_FAST_MATH = YES;
				ONLY_ACTIVE_ARCH = YES;
				SDKROOT = iphoneos;
				STRING_CATALOG_GENERATE_SYMBOLS = YES;
				SWIFT_ACTIVE_COMPILATION_CONDITIONS = "DEBUG $(inherited)";
				SWIFT_OPTIMIZATION_LEVEL = "-Onone";
			};
			name = Debug;
		};
		096508AF302BF08F00842337 /* Release */ = {
			isa = XCBuildConfiguration;
			buildSettings = {
				ALWAYS_SEARCH_USER_PATHS = NO;
				ASSETCATALOG_COMPILER_GENERATE_SWIFT_ASSET_SYMBOL_EXTENSIONS = YES;
				CLANG_ANALYZER_NONNULL = YES;
				CLANG_ANALYZER_NUMBER_OBJECT_CONVERSION = YES_AGGRESSIVE;
				CLANG_CXX_LANGUAGE_STANDARD = "gnu++20";
				CLANG_ENABLE_MODULES = YES;
				CLANG_ENABLE_OBJC_ARC = YES;
				CLANG_ENABLE_OBJC_WEAK = YES;
				CLANG_WARN_BLOCK_CAPTURE_AUTORELEASING = YES;
				CLANG_WARN_BOOL_CONVERSION = YES;
				CLANG_WARN_COMMA = YES;
				CLANG_WARN_CONSTANT_CONVERSION = YES;
				CLANG_WARN_DEPRECATED_OBJC_IMPLEMENTATIONS = YES;
				CLANG_WARN_DIRECT_OBJC_ISA_USAGE = YES_ERROR;
				CLANG_WARN_DOCUMENTATION_COMMENTS = YES;
				CLANG_WARN_EMPTY_BODY = YES;
				CLANG_WARN_ENUM_CONVERSION = YES;
				CLANG_WARN_INFINITE_RECURSION = YES;
				CLANG_WARN_INT_CONVERSION = YES;
				CLANG_WARN_NON_LITERAL_NULL_CONVERSION = YES;
				CLANG_WARN_OBJC_IMPLICIT_RETAIN_SELF = YES;
				CLANG_WARN_OBJC_LITERAL_CONVERSION = YES;
				CLANG_WARN_OBJC_ROOT_CLASS = YES_ERROR;
				CLANG_WARN_QUOTED_INCLUDE_IN_FRAMEWORK_HEADER = YES;
				CLANG_WARN_RANGE_LOOP_ANALYSIS = YES;
				CLANG_WARN_STRICT_PROTOTYPES = YES;
				CLANG_WARN_SUSPICIOUS_MOVE = YES;
				CLANG_WARN_UNGUARDED_AVAILABILITY = YES_AGGRESSIVE;
				CLANG_WARN_UNREACHABLE_CODE = YES;
				CLANG_WARN__DUPLICATE_METHOD_MATCH = YES;
				COPY_PHASE_STRIP = NO;
				DEBUG_INFORMATION_FORMAT = "dwarf-with-dsym";
				ENABLE_NS_ASSERTIONS = NO;
				ENABLE_STRICT_OBJC_MSGSEND = YES;
				ENABLE_USER_SCRIPT_SANDBOXING = YES;
				GCC_C_LANGUAGE_STANDARD = gnu17;
				GCC_NO_COMMON_BLOCKS = YES;
				GCC_WARN_64_TO_32_BIT_CONVERSION = YES;
				GCC_WARN_ABOUT_RETURN_TYPE = YES_ERROR;
				GCC_WARN_UNDECLARED_SELECTOR = YES;
				GCC_WARN_UNINITIALIZED_AUTOS = YES_AGGRESSIVE;
				GCC_WARN_UNUSED_FUNCTION = YES;
				GCC_WARN_UNUSED_VARIABLE = YES;
				IPHONEOS_DEPLOYMENT_TARGET = 26.5;
				LOCALIZATION_PREFERS_STRING_CATALOGS = YES;
				MTL_ENABLE_DEBUG_INFO = NO;
				MTL_FAST_MATH = YES;
				SDKROOT = iphoneos;
				STRING_CATALOG_GENERATE_SYMBOLS = YES;
				SWIFT_COMPILATION_MODE = wholemodule;
				VALIDATE_PRODUCT = YES;
			};
			name = Release;
		};
		096508B1302BF08F00842337 /* Debug */ = {
			isa = XCBuildConfiguration;
			buildSettings = {
				ASSETCATALOG_COMPILER_APPICON_NAME = AppIcon;
				ASSETCATALOG_COMPILER_GLOBAL_ACCENT_COLOR_NAME = AccentColor;
				CODE_SIGN_STYLE = Automatic;
				CURRENT_PROJECT_VERSION = 1;
				DEVELOPMENT_TEAM = BD8SA4X398;
				ENABLE_PREVIEWS = YES;
				GENERATE_INFOPLIST_FILE = YES;
				INFOPLIST_KEY_CFBundleDisplayName = Sortla;
				INFOPLIST_KEY_LSSupportsOpeningDocumentsInPlace = YES;
				INFOPLIST_KEY_NSCameraUsageDescription = "Sortla uses the camera to identify waste items and suggest a bin.";
				INFOPLIST_KEY_NSPhotoLibraryAddUsageDescription = "Sortla saves camera recordings to your photo library.";
				INFOPLIST_KEY_NSPhotoLibraryUsageDescription = "Sortla uses your photos to identify waste items and suggest a bin.";
				INFOPLIST_KEY_UIApplicationSceneManifest_Generation = YES;
				INFOPLIST_KEY_UIApplicationSupportsIndirectInputEvents = YES;
				INFOPLIST_KEY_UIFileSharingEnabled = YES;
				INFOPLIST_KEY_UILaunchScreen_Generation = YES;
				INFOPLIST_KEY_UISupportedInterfaceOrientations_iPad = "UIInterfaceOrientationPortrait UIInterfaceOrientationPortraitUpsideDown UIInterfaceOrientationLandscapeLeft UIInterfaceOrientationLandscapeRight";
				INFOPLIST_KEY_UISupportedInterfaceOrientations_iPhone = "UIInterfaceOrientationPortrait UIInterfaceOrientationLandscapeLeft UIInterfaceOrientationLandscapeRight";
				LD_RUNPATH_SEARCH_PATHS = (
					"$(inherited)",
					"@executable_path/Frameworks",
				);
				MARKETING_VERSION = 1.0;
				PRODUCT_BUNDLE_IDENTIFIER = com.moe.sortla;
				PRODUCT_NAME = "$(TARGET_NAME)";
				STRING_CATALOG_GENERATE_SYMBOLS = YES;
				SWIFT_APPROACHABLE_CONCURRENCY = YES;
				SWIFT_DEFAULT_ACTOR_ISOLATION = MainActor;
				SWIFT_EMIT_LOC_STRINGS = YES;
				SWIFT_UPCOMING_FEATURE_MEMBER_IMPORT_VISIBILITY = YES;
				SWIFT_VERSION = 5.0;
				TARGETED_DEVICE_FAMILY = "1,2";
			};
			name = Debug;
		};
		096508B2302BF08F00842337 /* Release */ = {
			isa = XCBuildConfiguration;
			buildSettings = {
				ASSETCATALOG_COMPILER_APPICON_NAME = AppIcon;
				ASSETCATALOG_COMPILER_GLOBAL_ACCENT_COLOR_NAME = AccentColor;
				CODE_SIGN_STYLE = Automatic;
				CURRENT_PROJECT_VERSION = 1;
				DEVELOPMENT_TEAM = BD8SA4X398;
				ENABLE_PREVIEWS = YES;
				GENERATE_INFOPLIST_FILE = YES;
				INFOPLIST_KEY_CFBundleDisplayName = Sortla;
				INFOPLIST_KEY_LSSupportsOpeningDocumentsInPlace = YES;
				INFOPLIST_KEY_NSCameraUsageDescription = "Sortla uses the camera to identify waste items and suggest a bin.";
				INFOPLIST_KEY_NSPhotoLibraryAddUsageDescription = "Sortla saves camera recordings to your photo library.";
				INFOPLIST_KEY_NSPhotoLibraryUsageDescription = "Sortla uses your photos to identify waste items and suggest a bin.";
				INFOPLIST_KEY_UIApplicationSceneManifest_Generation = YES;
				INFOPLIST_KEY_UIApplicationSupportsIndirectInputEvents = YES;
				INFOPLIST_KEY_UIFileSharingEnabled = YES;
				INFOPLIST_KEY_UILaunchScreen_Generation = YES;
				INFOPLIST_KEY_UISupportedInterfaceOrientations_iPad = "UIInterfaceOrientationPortrait UIInterfaceOrientationPortraitUpsideDown UIInterfaceOrientationLandscapeLeft UIInterfaceOrientationLandscapeRight";
				INFOPLIST_KEY_UISupportedInterfaceOrientations_iPhone = "UIInterfaceOrientationPortrait UIInterfaceOrientationLandscapeLeft UIInterfaceOrientationLandscapeRight";
				LD_RUNPATH_SEARCH_PATHS = (
					"$(inherited)",
					"@executable_path/Frameworks",
				);
				MARKETING_VERSION = 1.0;
				PRODUCT_BUNDLE_IDENTIFIER = com.moe.sortla;
				PRODUCT_NAME = "$(TARGET_NAME)";
				STRING_CATALOG_GENERATE_SYMBOLS = YES;
				SWIFT_APPROACHABLE_CONCURRENCY = YES;
				SWIFT_DEFAULT_ACTOR_ISOLATION = MainActor;
				SWIFT_EMIT_LOC_STRINGS = YES;
				SWIFT_UPCOMING_FEATURE_MEMBER_IMPORT_VISIBILITY = YES;
				SWIFT_VERSION = 5.0;
				TARGETED_DEVICE_FAMILY = "1,2";
			};
			name = Release;
		};
		096508B4302BF08F00842337 /* Debug */ = {
			isa = XCBuildConfiguration;
			buildSettings = {
				BUNDLE_LOADER = "$(TEST_HOST)";
				CODE_SIGN_STYLE = Automatic;
				CURRENT_PROJECT_VERSION = 1;
				GENERATE_INFOPLIST_FILE = YES;
				IPHONEOS_DEPLOYMENT_TARGET = 26.5;
				MARKETING_VERSION = 1.0;
				PRODUCT_BUNDLE_IDENTIFIER = com.javohirmx.sortlaTests;
				PRODUCT_NAME = "$(TARGET_NAME)";
				STRING_CATALOG_GENERATE_SYMBOLS = NO;
				SWIFT_APPROACHABLE_CONCURRENCY = YES;
				SWIFT_EMIT_LOC_STRINGS = NO;
				SWIFT_UPCOMING_FEATURE_MEMBER_IMPORT_VISIBILITY = YES;
				SWIFT_VERSION = 5.0;
				TARGETED_DEVICE_FAMILY = "1,2";
				TEST_HOST = "$(BUILT_PRODUCTS_DIR)/waste-sort.app/$(BUNDLE_EXECUTABLE_FOLDER_PATH)/waste-sort";
			};
			name = Debug;
		};
		096508B5302BF08F00842337 /* Release */ = {
			isa = XCBuildConfiguration;
			buildSettings = {
				BUNDLE_LOADER = "$(TEST_HOST)";
				CODE_SIGN_STYLE = Automatic;
				CURRENT_PROJECT_VERSION = 1;
				GENERATE_INFOPLIST_FILE = YES;
				IPHONEOS_DEPLOYMENT_TARGET = 26.5;
				MARKETING_VERSION = 1.0;
				PRODUCT_BUNDLE_IDENTIFIER = com.javohirmx.sortlaTests;
				PRODUCT_NAME = "$(TARGET_NAME)";
				STRING_CATALOG_GENERATE_SYMBOLS = NO;
				SWIFT_APPROACHABLE_CONCURRENCY = YES;
				SWIFT_EMIT_LOC_STRINGS = NO;
				SWIFT_UPCOMING_FEATURE_MEMBER_IMPORT_VISIBILITY = YES;
				SWIFT_VERSION = 5.0;
				TARGETED_DEVICE_FAMILY = "1,2";
				TEST_HOST = "$(BUILT_PRODUCTS_DIR)/waste-sort.app/$(BUNDLE_EXECUTABLE_FOLDER_PATH)/waste-sort";
			};
			name = Release;
		};
		096508B7302BF08F00842337 /* Debug */ = {
			isa = XCBuildConfiguration;
			buildSettings = {
				CODE_SIGN_STYLE = Automatic;
				CURRENT_PROJECT_VERSION = 1;
				GENERATE_INFOPLIST_FILE = YES;
				MARKETING_VERSION = 1.0;
				PRODUCT_BUNDLE_IDENTIFIER = com.javohirmx.sortlaUITests;
				PRODUCT_NAME = "$(TARGET_NAME)";
				STRING_CATALOG_GENERATE_SYMBOLS = NO;
				SWIFT_APPROACHABLE_CONCURRENCY = YES;
				SWIFT_EMIT_LOC_STRINGS = NO;
				SWIFT_UPCOMING_FEATURE_MEMBER_IMPORT_VISIBILITY = YES;
				SWIFT_VERSION = 5.0;
				TARGETED_DEVICE_FAMILY = "1,2";
				TEST_TARGET_NAME = "waste-sort";
			};
			name = Debug;
		};
		096508B8302BF08F00842337 /* Release */ = {
			isa = XCBuildConfiguration;
			buildSettings = {
				CODE_SIGN_STYLE = Automatic;
				CURRENT_PROJECT_VERSION = 1;
				GENERATE_INFOPLIST_FILE = YES;
				MARKETING_VERSION = 1.0;
				PRODUCT_BUNDLE_IDENTIFIER = com.javohirmx.sortlaUITests;
				PRODUCT_NAME = "$(TARGET_NAME)";
				STRING_CATALOG_GENERATE_SYMBOLS = NO;
				SWIFT_APPROACHABLE_CONCURRENCY = YES;
				SWIFT_EMIT_LOC_STRINGS = NO;
				SWIFT_UPCOMING_FEATURE_MEMBER_IMPORT_VISIBILITY = YES;
				SWIFT_VERSION = 5.0;
				TARGETED_DEVICE_FAMILY = "1,2";
				TEST_TARGET_NAME = "waste-sort";
			};
			name = Release;
		};
/* End XCBuildConfiguration section */

/* Begin XCConfigurationList section */
		0965088A302BF08E00842337 /* Build configuration list for PBXProject "waste-sort" */ = {
			isa = XCConfigurationList;
			buildConfigurations = (
				096508AE302BF08F00842337 /* Debug */,
				096508AF302BF08F00842337 /* Release */,
			);
			defaultConfigurationIsVisible = 0;
			defaultConfigurationName = Release;
		};
		096508B0302BF08F00842337 /* Build configuration list for PBXNativeTarget "waste-sort" */ = {
			isa = XCConfigurationList;
			buildConfigurations = (
				096508B1302BF08F00842337 /* Debug */,
				096508B2302BF08F00842337 /* Release */,
			);
			defaultConfigurationIsVisible = 0;
			defaultConfigurationName = Release;
		};
		096508B3302BF08F00842337 /* Build configuration list for PBXNativeTarget "waste-sortTests" */ = {
			isa = XCConfigurationList;
			buildConfigurations = (
				096508B4302BF08F00842337 /* Debug */,
				096508B5302BF08F00842337 /* Release */,
			);
			defaultConfigurationIsVisible = 0;
			defaultConfigurationName = Release;
		};
		096508B6302BF08F00842337 /* Build configuration list for PBXNativeTarget "waste-sortUITests" */ = {
			isa = XCConfigurationList;
			buildConfigurations = (
				096508B7302BF08F00842337 /* Debug */,
				096508B8302BF08F00842337 /* Release */,
			);
			defaultConfigurationIsVisible = 0;
			defaultConfigurationName = Release;
		};
/* End XCConfigurationList section */

/* Begin XCRemoteSwiftPackageReference section */
		096508C0302BF09000842337 /* XCRemoteSwiftPackageReference "yolo-ios-app" */ = {
			isa = XCRemoteSwiftPackageReference;
			repositoryURL = "https://github.com/ultralytics/yolo-ios-app.git";
			requirement = {
				kind = upToNextMajorVersion;
				minimumVersion = 8.9.13;
			};
		};
		A2B3C4D5302BF09000840001 /* XCRemoteSwiftPackageReference "SwiftAprilTag" */ = {
			isa = XCRemoteSwiftPackageReference;
			repositoryURL = "https://github.com/keyqcloud/SwiftAprilTag.git";
			requirement = {
				kind = upToNextMajorVersion;
				minimumVersion = 1.0.0;
			};
		};
/* End XCRemoteSwiftPackageReference section */

/* Begin XCSwiftPackageProductDependency section */
		096508C1302BF09000842337 /* UltralyticsYOLO */ = {
			isa = XCSwiftPackageProductDependency;
			package = 096508C0302BF09000842337 /* XCRemoteSwiftPackageReference "yolo-ios-app" */;
			productName = UltralyticsYOLO;
		};
		A2B3C4D5302BF09000840002 /* SwiftAprilTag */ = {
			isa = XCSwiftPackageProductDependency;
			package = A2B3C4D5302BF09000840001 /* XCRemoteSwiftPackageReference "SwiftAprilTag" */;
			productName = SwiftAprilTag;
		};
/* End XCSwiftPackageProductDependency section */
	};
	rootObject = 09650887302BF08E00842337 /* Project object */;
}
